
Microsoft Visual Studio Solution File, Format Version 12.00
# Visual Studio 2013
VisualStudioVersion = 12.0.30110.0
MinimumVisualStudioVersion = 10.0.40219.1
Project("{FAE04EC0-301F-11D3-BF4B-00C04F79EFBC}") = "ShapeSurfaces", "ShapeSurfaces\ShapeSurfaces.csproj", "{3B6B25B9-8D06-48C7-989F-5571D47CA25E}"
EndProject
Project("{FAE04EC0-301F-11D3-BF4B-00C04F79EFBC}") = "DefineException", "DefineException\DefineException.csproj", "{D14E9C11-9052-40CB-9B63-8FC110246880}"
EndProject
Global
	GlobalSection(SolutionConfigurationPlatforms) = preSolution
		Debug|Any CPU = Debug|Any CPU
		Release|Any CPU = Release|Any CPU
	EndGlobalSection
	GlobalSection(ProjectConfigurationPlatforms) = postSolution
		{3B6B25B9-8D06-48C7-989F-5571D47CA25E}.Debug|Any CPU.ActiveCfg = Debug|Any CPU
		{3B6B25B9-8D06-48C7-989F-5571D47CA25E}.Debug|Any CPU.Build.0 = Debug|Any CPU
		{3B6B25B9-8D06-48C7-989F-5571D47CA25E}.Release|Any CPU.ActiveCfg = Release|Any CPU
		{3B6B25B9-8D06-48C7-989F-5571D47CA25E}.Release|Any CPU.Build.0 = Release|Any CPU
		{D14E9C11-9052-40CB-9B63-8FC110246880}.Debug|Any CPU.ActiveCfg = Debug|Any CPU
		{D14E9C11-9052-40CB-9B63-8FC110246880}.Debug|Any CPU.Build.0 = Debug|Any CPU
		{D14E9C11-9052-40CB-9B63-8FC110246880}.Release|Any CPU.ActiveCfg = Release|Any CPU
		{D14E9C11-9052-40CB-9B63-8FC110246880}.Release|Any CPU.Build.0 = Release|Any CPU
	EndGlobalSection
	GlobalSection(SolutionProperties) = preSolution
		HideSolutionNode = FALSE
	EndGlobalSection
EndGlobal
